
Microsoft Visual Studio Solution File, Format Version 12.00
Project("{FAE04EC0-301F-11D3-BF4B-00C04F79EFBC}") = "Cp5.API", "Cp5.API\Cp5.API.csproj", "{6758F5C8-E04E-4FC4-9105-7ED1768E76A9}"
EndProject
Project("{2150E333-8FDC-42A3-9474-1A3956D46DE8}") = "src", "src", "{C45B93D4-521A-4DBE-9778-B18042F35729}"
EndProject
Project("{FAE04EC0-301F-11D3-BF4B-00C04F79EFBC}") = "Cp5.Domain", "Cp5.Domain\Cp5.Domain.csproj", "{8A1E6329-D79B-4393-A4ED-710699C901AF}"
EndProject
Project("{FAE04EC0-301F-11D3-BF4B-00C04F79EFBC}") = "Cp5.Application", "Cp5.Application\Cp5.Application.csproj", "{4A9E198C-242B-4897-82B7-04B3B36ED2FF}"
EndProject
Project("{FAE04EC0-301F-11D3-BF4B-00C04F79EFBC}") = "Cp5.Infrastructure", "Cp5.Infrastructure\Cp5.Infrastructure.csproj", "{9611DD3C-4763-449A-8985-B2AC332E172B}"
EndProject
Global
	GlobalSection(SolutionConfigurationPlatforms) = preSolution
		Debug|Any CPU = Debug|Any CPU
		Release|Any CPU = Release|Any CPU
	EndGlobalSection
	GlobalSection(ProjectConfigurationPlatforms) = postSolution
		{6758F5C8-E04E-4FC4-9105-7ED1768E76A9}.Debug|Any CPU.ActiveCfg = Debug|Any CPU
		{6758F5C8-E04E-4FC4-9105-7ED1768E76A9}.Debug|Any CPU.Build.0 = Debug|Any CPU
		{6758F5C8-E04E-4FC4-9105-7ED1768E76A9}.Release|Any CPU.ActiveCfg = Release|Any CPU
		{6758F5C8-E04E-4FC4-9105-7ED1768E76A9}.Release|Any CPU.Build.0 = Release|Any CPU
		{8A1E6329-D79B-4393-A4ED-710699C901AF}.Debug|Any CPU.ActiveCfg = Debug|Any CPU
		{8A1E6329-D79B-4393-A4ED-710699C901AF}.Debug|Any CPU.Build.0 = Debug|Any CPU
		{8A1E6329-D79B-4393-A4ED-710699C901AF}.Release|Any CPU.ActiveCfg = Release|Any CPU
		{8A1E6329-D79B-4393-A4ED-710699C901AF}.Release|Any CPU.Build.0 = Release|Any CPU
		{4A9E198C-242B-4897-82B7-04B3B36ED2FF}.Debug|Any CPU.ActiveCfg = Debug|Any CPU
		{4A9E198C-242B-4897-82B7-04B3B36ED2FF}.Debug|Any CPU.Build.0 = Debug|Any CPU
		{4A9E198C-242B-4897-82B7-04B3B36ED2FF}.Release|Any CPU.ActiveCfg = Release|Any CPU
		{4A9E198C-242B-4897-82B7-04B3B36ED2FF}.Release|Any CPU.Build.0 = Release|Any CPU
		{9611DD3C-4763-449A-8985-B2AC332E172B}.Debug|Any CPU.ActiveCfg = Debug|Any CPU
		{9611DD3C-4763-449A-8985-B2AC332E172B}.Debug|Any CPU.Build.0 = Debug|Any CPU
		{9611DD3C-4763-449A-8985-B2AC332E172B}.Release|Any CPU.ActiveCfg = Release|Any CPU
		{9611DD3C-4763-449A-8985-B2AC332E172B}.Release|Any CPU.Build.0 = Release|Any CPU
	EndGlobalSection
	GlobalSection(NestedProjects) = preSolution
		{6758F5C8-E04E-4FC4-9105-7ED1768E76A9} = {C45B93D4-521A-4DBE-9778-B18042F35729}
		{8A1E6329-D79B-4393-A4ED-710699C901AF} = {C45B93D4-521A-4DBE-9778-B18042F35729}
		{4A9E198C-242B-4897-82B7-04B3B36ED2FF} = {C45B93D4-521A-4DBE-9778-B18042F35729}
		{9611DD3C-4763-449A-8985-B2AC332E172B} = {C45B93D4-521A-4DBE-9778-B18042F35729}
	EndGlobalSection
EndGlobal
