
Microsoft Visual Studio Solution File, Format Version 12.00
Project("{FAE04EC0-301F-11D3-BF4B-00C04F79EFBC}") = "Cp5.API", "Cp5.API\Cp5.API.csproj", "{6758F5C8-E04E-4FC4-9105-7ED1768E76A9}"
EndProject
Global
	GlobalSection(SolutionConfigurationPlatforms) = preSolution
		Debug|Any CPU = Debug|Any CPU
		Release|Any CPU = Release|Any CPU
	EndGlobalSection
	GlobalSection(ProjectConfigurationPlatforms) = postSolution
		{6758F5C8-E04E-4FC4-9105-7ED1768E76A9}.Debug|Any CPU.ActiveCfg = Debug|Any CPU
		{6758F5C8-E04E-4FC4-9105-7ED1768E76A9}.Debug|Any CPU.Build.0 = Debug|Any CPU
		{6758F5C8-E04E-4FC4-9105-7ED1768E76A9}.Release|Any CPU.ActiveCfg = Release|Any CPU
		{6758F5C8-E04E-4FC4-9105-7ED1768E76A9}.Release|Any CPU.Build.0 = Release|Any CPU
	EndGlobalSection
EndGlobal
